lockfileVersion: 5.4

specifiers:
  '@intrnl/esbuild-plugin-build-analysis': ^0.1.2
  '@intrnl/esbuild-plugin-env': ^0.1.3
  '@intrnl/esbuild-plugin-velvet': ^0.4.4
  '@intrnl/netlifydd': ^0.1.4
  '@intrnl/velvet': ^0.3.1
  '@intrnl/velvet-compiler': ^0.6.0
  esbuild: ^0.15.6
  wireit: ^0.7.1

dependencies:
  '@intrnl/velvet': 0.3.1

devDependencies:
  '@intrnl/esbuild-plugin-build-analysis': 0.1.2_esbuild@0.15.6
  '@intrnl/esbuild-plugin-env': 0.1.3_esbuild@0.15.6
  '@intrnl/esbuild-plugin-velvet': 0.4.4_5rcl57q33wyew5fks6gtsudvqe
  '@intrnl/netlifydd': 0.1.4
  '@intrnl/velvet-compiler': 0.6.0_@intrnl+velvet@0.3.1
  esbuild: 0.15.6
  wireit: 0.7.1

packages:

  /@esbuild/linux-loong64/0.15.6:
    resolution: {integrity: sha512-hqmVU2mUjH6J2ZivHphJ/Pdse2ZD+uGCHK0uvsiLDk/JnSedEVj77CiVUnbMKuU4tih1TZZL8tG9DExQg/GZsw==}
    engines: {node: '>=12'}
    cpu: [loong64]
    os: [linux]
    requiresBuild: true
    dev: true
    optional: true

  /@inquirer/core/0.0.26-alpha.0:
    resolution: {integrity: sha512-g3mserTS5ekmwluiZnhaJbYOkKiKNTGatRXDH1jVe+bBc57mtmP3HvlvhZiU7yYgEAXM/TIR5Qd8sNu+kAi8rg==}
    dependencies:
      ansi-escapes: 5.0.0
      chalk: 5.0.1
      cli-spinners: 2.7.0
      cli-width: 4.0.0
      lodash: 4.17.21
      mute-stream: 0.0.8
      run-async: 2.4.1
      string-width: 5.1.2
      strip-ansi: 7.0.1
      wrap-ansi: 8.0.1
    dev: true

  /@inquirer/input/0.0.26-alpha.0:
    resolution: {integrity: sha512-4bSSl4LB62UiHSE0hZQIKK2buOTmGR8E7c34fVMbN4qya6++cqoJyEBZG6GRqBfUxiS4fFXFAyWl10ttlHW+dQ==}
    dependencies:
      '@inquirer/core': 0.0.26-alpha.0
      chalk: 5.0.1
    dev: true

  /@inquirer/select/0.0.26-alpha.0:
    resolution: {integrity: sha512-w2O36d9BL8ahXZ0qjjJnyxogVg1KfnxnPGCCaAsQgIkTWWQ5Rgl1htJoZIQrrFmWRpUkXQYLbrJIfJXx2lqmkw==}
    dependencies:
      '@inquirer/core': 0.0.26-alpha.0
      ansi-escapes: 5.0.0
      chalk: 5.0.1
      figures: 5.0.0
    dev: true

  /@intrnl/clippy/0.1.6:
    resolution: {integrity: sha512-dkdIiSQ+jlafeDqIiKrt2wHOFbJayXTHBpPhazIzqv1aKb39uKtGHYthDYJk96+h6oGAQhikB9aHjeT1ABo2dA==}
    dependencies:
      typanion: 3.9.0
    dev: true

  /@intrnl/esbuild-plugin-build-analysis/0.1.2_esbuild@0.15.6:
    resolution: {integrity: sha512-vaZw39zy5i6mKPGw+J5XG33NIntWXavCjSQfEjWwYWL3cM+0/8/J7mGEOtMUspgCu4DIlfdT1BB1VdBFcfXbGw==}
    peerDependencies:
      esbuild: '>=0.13.15'
    dependencies:
      es-module-lexer: 0.9.3
      esbuild: 0.15.6
    dev: true

  /@intrnl/esbuild-plugin-env/0.1.3_esbuild@0.15.6:
    resolution: {integrity: sha512-PxR2o2Zsyz7T76vi/ofhPqNQ5V/pcHHyPeUzMrBY56ntVsNkE0QECuu8l4xOfR3ynH6+BW2WmA1mY6hYVpgH0g==}
    peerDependencies:
      esbuild: '>=0.13.15'
    dependencies:
      dotenv: 10.0.0
      dotenv-expand: 5.1.0
      esbuild: 0.15.6
      escalade: 3.1.1
    dev: true

  /@intrnl/esbuild-plugin-velvet/0.4.4_5rcl57q33wyew5fks6gtsudvqe:
    resolution: {integrity: sha512-IW226Sohy6QElrVJCYocQmBdU3iIHe2L/7TY+qpfx7G1V7BytBng6cWjvCeAE1id1Irw4VtLHRzT4zxc3UVDVw==}
    peerDependencies:
      '@intrnl/velvet-compiler': '>=0.4.0'
      esbuild: ^0.14.8 || ^0.15.0
    dependencies:
      '@intrnl/fs-cache': 0.2.3
      '@intrnl/velvet-compiler': 0.6.0_@intrnl+velvet@0.3.1
      esbuild: 0.15.6
    dev: true

  /@intrnl/fs-cache/0.2.3:
    resolution: {integrity: sha512-a2SLDQP6FBWCvVv9xyFm9xOspSfVa+R0T7yUlW1emNDYryD7jsN94SpbOl68+vW0OrDWOv8KmES3aqAANQaAPQ==}
    dependencies:
      '@intrnl/xxhash64': 0.1.2
      escalade: 3.1.1
      stable-hash: 0.0.2
    dev: true

  /@intrnl/netlifydd/0.1.4:
    resolution: {integrity: sha512-+9Z54KXHCRs2xR1Gc9v0PWNQCD5xPs3pqYOVIpy5/zNQRIJJJ6vjk9Gr6onMxDL+9urLKW4MJvYX7lSu6ilpXw==}
    hasBin: true
    dependencies:
      '@inquirer/core': 0.0.26-alpha.0
      '@inquirer/input': 0.0.26-alpha.0
      '@inquirer/select': 0.0.26-alpha.0
      '@intrnl/clippy': 0.1.6
      ansi-escapes: 5.0.0
      chalk: 5.0.1
    dev: true

  /@intrnl/velvet-compiler/0.6.0_@intrnl+velvet@0.3.1:
    resolution: {integrity: sha512-Xac7FRwqbno1ta1hK2w+YnvbVRaxXorDvNYjD+5xZQ0uWFWXovUZCC39G6GsPR11mf8xrC5+GHhkvB0r6+MSkA==}
    peerDependencies:
      '@intrnl/velvet': ^0.3.0
    dependencies:
      '@intrnl/velvet': 0.3.1
      acorn: 8.8.0
      astring: 1.8.3
      gensync: 1.0.0-beta.2
    dev: true

  /@intrnl/velvet/0.3.1:
    resolution: {integrity: sha512-ZDVwkopeK9mEvOE+tRlN2sHgBnAGKNBHX0MOylG+rSnYMyUPND+aVHtQMfwv2yZe94xx2mosXnMpyHgo/B9+ew==}

  /@intrnl/xxhash64/0.1.2:
    resolution: {integrity: sha512-1+lx7j99fdph+uy3EnjQyr39KQZ7LP56+aWOr6finJWpgYpvb7XrhFUqDwnEk/wpPC98nCjAT6RulpW3crWjlg==}
    dev: true

  /@nodelib/fs.scandir/2.1.5:
    resolution: {integrity: sha512-vq24Bq3ym5HEQm2NKCr3yXDwjc7vTsEThRDnkp2DK9p1uqLR+DHurm/NOTo0KG7HYHU7eppKZj3MyqYuMBf62g==}
    engines: {node: '>= 8'}
    dependencies:
      '@nodelib/fs.stat': 2.0.5
      run-parallel: 1.2.0
    dev: true

  /@nodelib/fs.stat/2.0.5:
    resolution: {integrity: sha512-RkhPPp2zrqDAQA/2jNhnztcPAlv64XdhIp7a7454A5ovI7Bukxgt7MX7udwAu3zg1DcpPU0rz3VV1SeaqvY4+A==}
    engines: {node: '>= 8'}
    dev: true

  /@nodelib/fs.walk/1.2.8:
    resolution: {integrity: sha512-oGB+UxlgWcgQkgwo8GcEGwemoTFt3FIO9ababBmaGwXIoBKZ+GTy0pP185beGg7Llih/NSHSV2XAs1lnznocSg==}
    engines: {node: '>= 8'}
    dependencies:
      '@nodelib/fs.scandir': 2.1.5
      fastq: 1.13.0
    dev: true

  /acorn/8.8.0:
    resolution: {integrity: sha512-QOxyigPVrpZ2GXT+PFyZTl6TtOFc5egxHIP9IlQ+RbupQuX4RkT/Bee4/kQuC02Xkzg84JcT7oLYtDIQxp+v7w==}
    engines: {node: '>=0.4.0'}
    hasBin: true
    dev: true

  /ansi-escapes/5.0.0:
    resolution: {integrity: sha512-5GFMVX8HqE/TB+FuBJGuO5XG0WrsA6ptUqoODaT/n9mmUaZFkqnBueB4leqGBCmrUHnCnC4PCZTCd0E7QQ83bA==}
    engines: {node: '>=12'}
    dependencies:
      type-fest: 1.4.0
    dev: true

  /ansi-regex/6.0.1:
    resolution: {integrity: sha512-n5M855fKb2SsfMIiFFoVrABHJC8QtHwVx+mHWP3QcEqBHYienj5dHSgjbxtC0WEZXYt4wcD6zrQElDPhFuZgfA==}
    engines: {node: '>=12'}
    dev: true

  /ansi-styles/6.1.0:
    resolution: {integrity: sha512-VbqNsoz55SYGczauuup0MFUyXNQviSpFTj1RQtFzmQLk18qbVSpTFFGMT293rmDaQuKCT6InmbuEyUne4mTuxQ==}
    engines: {node: '>=12'}
    dev: true

  /anymatch/3.1.2:
    resolution: {integrity: sha512-P43ePfOAIupkguHUycrc4qJ9kz8ZiuOUijaETwX7THt0Y/GNK7v0aa8rY816xWjZ7rJdA5XdMcpVFTKMq+RvWg==}
    engines: {node: '>= 8'}
    dependencies:
      normalize-path: 3.0.0
      picomatch: 2.3.1
    dev: true

  /astring/1.8.3:
    resolution: {integrity: sha512-sRpyiNrx2dEYIMmUXprS8nlpRg2Drs8m9ElX9vVEXaCB4XEAJhKfs7IcX0IwShjuOAjLR6wzIrgoptz1n19i1A==}
    hasBin: true
    dev: true

  /binary-extensions/2.2.0:
    resolution: {integrity: sha512-jDctJ/IVQbZoJykoeHbhXpOlNBqGNcwXJKJog42E5HDPUwQTSdjCHdihjj0DlnheQ7blbT6dHOafNAiS8ooQKA==}
    engines: {node: '>=8'}
    dev: true

  /braces/3.0.2:
    resolution: {integrity: sha512-b8um+L1RzM3WDSzvhm6gIz1yfTbBt6YTlcEKAvsmqCZZFw46z626lVj9j1yEPW33H5H+lBQpZMP1k8l+78Ha0A==}
    engines: {node: '>=8'}
    dependencies:
      fill-range: 7.0.1
    dev: true

  /chalk/5.0.1:
    resolution: {integrity: sha512-Fo07WOYGqMfCWHOzSXOt2CxDbC6skS/jO9ynEcmpANMoPrD+W1r1K6Vx7iNm+AQmETU1Xr2t+n8nzkV9t6xh3w==}
    engines: {node: ^12.17.0 || ^14.13 || >=16.0.0}
    dev: true

  /chokidar/3.5.3:
    resolution: {integrity: sha512-Dr3sfKRP6oTcjf2JmUmFJfeVMvXBdegxB0iVQ5eb2V10uFJUCAS8OByZdVAyVb8xXNz3GjjTgj9kLWsZTqE6kw==}
    engines: {node: '>= 8.10.0'}
    dependencies:
      anymatch: 3.1.2
      braces: 3.0.2
      glob-parent: 5.1.2
      is-binary-path: 2.1.0
      is-glob: 4.0.3
      normalize-path: 3.0.0
      readdirp: 3.6.0
    optionalDependencies:
      fsevents: 2.3.2
    dev: true

  /cli-spinners/2.7.0:
    resolution: {integrity: sha512-qu3pN8Y3qHNgE2AFweciB1IfMnmZ/fsNTEE+NOFjmGB2F/7rLhnhzppvpCnN4FovtP26k8lHyy9ptEbNwWFLzw==}
    engines: {node: '>=6'}
    dev: true

  /cli-width/4.0.0:
    resolution: {integrity: sha512-ZksGS2xpa/bYkNzN3BAw1wEjsLV/ZKOf/CCrJ/QOBsxx6fOARIkwTutxp1XIOIohi6HKmOFjMoK/XaqDVUpEEw==}
    engines: {node: '>= 12'}
    dev: true

  /dotenv-expand/5.1.0:
    resolution: {integrity: sha512-YXQl1DSa4/PQyRfgrv6aoNjhasp/p4qs9FjJ4q4cQk+8m4r6k4ZSiEyytKG8f8W9gi8WsQtIObNmKd+tMzNTmA==}
    dev: true

  /dotenv/10.0.0:
    resolution: {integrity: sha512-rlBi9d8jpv9Sf1klPjNfFAuWDjKLwTIJJ/VxtoTwIR6hnZxcEOQCZg2oIL3MWBYw5GpUDKOEnND7LXTbIpQ03Q==}
    engines: {node: '>=10'}
    dev: true

  /eastasianwidth/0.2.0:
    resolution: {integrity: sha512-I88TYZWc9XiYHRQ4/3c5rjjfgkjhLyW2luGIheGERbNQ6OY7yTybanSpDXZa8y7VUP9YmDcYa+eyq4ca7iLqWA==}
    dev: true

  /emoji-regex/9.2.2:
    resolution: {integrity: sha512-L18DaJsXSUk2+42pv8mLs5jJT2hqFkFE4j21wOmgbUqsZ2hL72NsUU785g9RXgo3s0ZNgVl42TiHp3ZtOv/Vyg==}
    dev: true

  /es-module-lexer/0.9.3:
    resolution: {integrity: sha512-1HQ2M2sPtxwnvOvT1ZClHyQDiggdNjURWpY2we6aMKCQiUVxTmVs2UYPLIrD84sS+kMdUwfBSylbJPwNnBrnHQ==}
    dev: true

  /esbuild-android-64/0.15.6:
    resolution: {integrity: sha512-Z1CHSgB1crVQi2LKSBwSkpaGtaloVz0ZIYcRMsvHc3uSXcR/x5/bv9wcZspvH/25lIGTaViosciS/NS09ERmVA==}
    engines: {node: '>=12'}
    cpu: [x64]
    os: [android]
    requiresBuild: true
    dev: true
    optional: true

  /esbuild-android-arm64/0.15.6:
    resolution: {integrity: sha512-mvM+gqNxqKm2pCa3dnjdRzl7gIowuc4ga7P7c3yHzs58Im8v/Lfk1ixSgQ2USgIywT48QWaACRa3F4MG7djpSw==}
    engines: {node: '>=12'}
    cpu: [arm64]
    os: [android]
    requiresBuild: true
    dev: true
    optional: true

  /esbuild-darwin-64/0.15.6:
    resolution: {integrity: sha512-BsfVt3usScAfGlXJiGtGamwVEOTM8AiYiw1zqDWhGv6BncLXCnTg1As+90mxWewdTZKq3iIy8s9g8CKkrrAXVw==}
    engines: {node: '>=12'}
    cpu: [x64]
    os: [darwin]
    requiresBuild: true
    dev: true
    optional: true

  /esbuild-darwin-arm64/0.15.6:
    resolution: {integrity: sha512-CnrAeJaEpPakUobhqO4wVSA4Zm6TPaI5UY4EsI62j9mTrjIyQPXA1n4Ju6Iu5TVZRnEqV6q8blodgYJ6CJuwCA==}
    engines: {node: '>=12'}
    cpu: [arm64]
    os: [darwin]
    requiresBuild: true
    dev: true
    optional: true

  /esbuild-freebsd-64/0.15.6:
    resolution: {integrity: sha512-+qFdmqi+jkAsxsNJkaWVrnxEUUI50nu6c3MBVarv3RCDCbz7ZS1a4ZrdkwEYFnKcVWu6UUE0Kkb1SQ1yGEG6sg==}
    engines: {node: '>=12'}
    cpu: [x64]
    os: [freebsd]
    requiresBuild: true
    dev: true
    optional: true

  /esbuild-freebsd-arm64/0.15.6:
    resolution: {integrity: sha512-KtQkQOhnNciXm2yrTYZMD3MOm2zBiiwFSU+dkwNbcfDumzzUprr1x70ClTdGuZwieBS1BM/k0KajRQX7r504Xw==}
    engines: {node: '>=12'}
    cpu: [arm64]
    os: [freebsd]
    requiresBuild: true
    dev: true
    optional: true

  /esbuild-linux-32/0.15.6:
    resolution: {integrity: sha512-IAkDNz3TpxwISTGVdQijwyHBZrbFgLlRi5YXcvaEHtgbmayLSDcJmH5nV1MFgo/x2QdKcHBkOYHdjhKxUAcPwg==}
    engines: {node: '>=12'}
    cpu: [ia32]
    os: [linux]
    requiresBuild: true
    dev: true
    optional: true

  /esbuild-linux-64/0.15.6:
    resolution: {integrity: sha512-gQPksyrEYfA4LJwyfTQWAZaVZCx4wpaLrSzo2+Xc9QLC+i/sMWmX31jBjrn4nLJCd79KvwCinto36QC7BEIU/A==}
    engines: {node: '>=12'}
    cpu: [x64]
    os: [linux]
    requiresBuild: true
    dev: true
    optional: true

  /esbuild-linux-arm/0.15.6:
    resolution: {integrity: sha512-xZ0Bq2aivsthDjA/ytQZzxrxIZbG0ATJYMJxNeOIBc1zUjpbVpzBKgllOZMsTSXMHFHGrow6TnCcgwqY0+oEoQ==}
    engines: {node: '>=12'}
    cpu: [arm]
    os: [linux]
    requiresBuild: true
    dev: true
    optional: true

  /esbuild-linux-arm64/0.15.6:
    resolution: {integrity: sha512-aovDkclFa6C9EdZVBuOXxqZx83fuoq8097xZKhEPSygwuy4Lxs8J4anHG7kojAsR+31lfUuxzOo2tHxv7EiNHA==}
    engines: {node: '>=12'}
    cpu: [arm64]
    os: [linux]
    requiresBuild: true
    dev: true
    optional: true

  /esbuild-linux-mips64le/0.15.6:
    resolution: {integrity: sha512-wVpW8wkWOGizsCqCwOR/G3SHwhaecpGy3fic9BF1r7vq4djLjUcA8KunDaBCjJ6TgLQFhJ98RjDuyEf8AGjAvw==}
    engines: {node: '>=12'}
    cpu: [mips64el]
    os: [linux]
    requiresBuild: true
    dev: true
    optional: true

  /esbuild-linux-ppc64le/0.15.6:
    resolution: {integrity: sha512-z6w6gsPH/Y77uchocluDC8tkCg9rfkcPTePzZKNr879bF4tu7j9t255wuNOCE396IYEGxY7y8u2HJ9i7kjCLVw==}
    engines: {node: '>=12'}
    cpu: [ppc64]
    os: [linux]
    requiresBuild: true
    dev: true
    optional: true

  /esbuild-linux-riscv64/0.15.6:
    resolution: {integrity: sha512-pfK/3MJcmbfU399TnXW5RTPS1S+ID6ra+CVj9TFZ2s0q9Ja1F5A1VirUUvViPkjiw+Kq3zveyn6U09Wg1zJXrw==}
    engines: {node: '>=12'}
    cpu: [riscv64]
    os: [linux]
    requiresBuild: true
    dev: true
    optional: true

  /esbuild-linux-s390x/0.15.6:
    resolution: {integrity: sha512-OZeeDu32liefcwAE63FhVqM4heWTC8E3MglOC7SK0KYocDdY/6jyApw0UDkDHlcEK9mW6alX/SH9r3PDjcCo/Q==}
    engines: {node: '>=12'}
    cpu: [s390x]
    os: [linux]
    requiresBuild: true
    dev: true
    optional: true

  /esbuild-netbsd-64/0.15.6:
    resolution: {integrity: sha512-kaxw61wcHMyiEsSsi5ut1YYs/hvTC2QkxJwyRvC2Cnsz3lfMLEu8zAjpBKWh9aU/N0O/gsRap4wTur5GRuSvBA==}
    engines: {node: '>=12'}
    cpu: [x64]
    os: [netbsd]
    requiresBuild: true
    dev: true
    optional: true

  /esbuild-openbsd-64/0.15.6:
    resolution: {integrity: sha512-CuoY60alzYfIZapUHqFXqXbj88bbRJu8Fp9okCSHRX2zWIcGz4BXAHXiG7dlCye5nFVrY72psesLuWdusyf2qw==}
    engines: {node: '>=12'}
    cpu: [x64]
    os: [openbsd]
    requiresBuild: true
    dev: true
    optional: true

  /esbuild-sunos-64/0.15.6:
    resolution: {integrity: sha512-1ceefLdPWcd1nW/ZLruPEYxeUEAVX0YHbG7w+BB4aYgfknaLGotI/ZvPWUZpzhC8l1EybrVlz++lm3E6ODIJOg==}
    engines: {node: '>=12'}
    cpu: [x64]
    os: [sunos]
    requiresBuild: true
    dev: true
    optional: true

  /esbuild-windows-32/0.15.6:
    resolution: {integrity: sha512-pBqdOsKqCD5LRYiwF29PJRDJZi7/Wgkz46u3d17MRFmrLFcAZDke3nbdDa1c8YgY78RiemudfCeAemN8EBlIpA==}
    engines: {node: '>=12'}
    cpu: [ia32]
    os: [win32]
    requiresBuild: true
    dev: true
    optional: true

  /esbuild-windows-64/0.15.6:
    resolution: {integrity: sha512-KpPOh4aTOo//g9Pk2oVAzXMpc9Sz9n5A9sZTmWqDSXCiiachfFhbuFlsKBGATYCVitXfmBIJ4nNYYWSOdz4hQg==}
    engines: {node: '>=12'}
    cpu: [x64]
    os: [win32]
    requiresBuild: true
    dev: true
    optional: true

  /esbuild-windows-arm64/0.15.6:
    resolution: {integrity: sha512-DB3G2x9OvFEa00jV+OkDBYpufq5x/K7a6VW6E2iM896DG4ZnAvJKQksOsCPiM1DUaa+DrijXAQ/ZOcKAqf/3Hg==}
    engines: {node: '>=12'}
    cpu: [arm64]
    os: [win32]
    requiresBuild: true
    dev: true
    optional: true

  /esbuild/0.15.6:
    resolution: {integrity: sha512-sgLOv3l4xklvXzzczhRwKRotyrfyZ2i1fCS6PTOLPd9wevDPArGU8HFtHrHCOcsMwTjLjzGm15gvC8uxVzQf+w==}
    engines: {node: '>=12'}
    hasBin: true
    requiresBuild: true
    optionalDependencies:
      '@esbuild/linux-loong64': 0.15.6
      esbuild-android-64: 0.15.6
      esbuild-android-arm64: 0.15.6
      esbuild-darwin-64: 0.15.6
      esbuild-darwin-arm64: 0.15.6
      esbuild-freebsd-64: 0.15.6
      esbuild-freebsd-arm64: 0.15.6
      esbuild-linux-32: 0.15.6
      esbuild-linux-64: 0.15.6
      esbuild-linux-arm: 0.15.6
      esbuild-linux-arm64: 0.15.6
      esbuild-linux-mips64le: 0.15.6
      esbuild-linux-ppc64le: 0.15.6
      esbuild-linux-riscv64: 0.15.6
      esbuild-linux-s390x: 0.15.6
      esbuild-netbsd-64: 0.15.6
      esbuild-openbsd-64: 0.15.6
      esbuild-sunos-64: 0.15.6
      esbuild-windows-32: 0.15.6
      esbuild-windows-64: 0.15.6
      esbuild-windows-arm64: 0.15.6
    dev: true

  /escalade/3.1.1:
    resolution: {integrity: sha512-k0er2gUkLf8O0zKJiAhmkTnJlTvINGv7ygDNPbeIsX/TJjGJZHuh9B2UxbsaEkmlEo9MfhrSzmhIlhRlI2GXnw==}
    engines: {node: '>=6'}
    dev: true

  /escape-string-regexp/5.0.0:
    resolution: {integrity: sha512-/veY75JbMK4j1yjvuUxuVsiS/hr/4iHs9FTT6cgTexxdE0Ly/glccBAkloH/DofkjRbZU3bnoj38mOmhkZ0lHw==}
    engines: {node: '>=12'}
    dev: true

  /fast-glob/3.2.11:
    resolution: {integrity: sha512-xrO3+1bxSo3ZVHAnqzyuewYT6aMFHRAd4Kcs92MAonjwQZLsK9d0SF1IyQ3k5PoirxTW0Oe/RqFgMQ6TcNE5Ew==}
    engines: {node: '>=8.6.0'}
    dependencies:
      '@nodelib/fs.stat': 2.0.5
      '@nodelib/fs.walk': 1.2.8
      glob-parent: 5.1.2
      merge2: 1.4.1
      micromatch: 4.0.5
    dev: true

  /fastq/1.13.0:
    resolution: {integrity: sha512-YpkpUnK8od0o1hmeSc7UUs/eB/vIPWJYjKck2QKIzAf71Vm1AAQ3EbuZB3g2JIy+pg+ERD0vqI79KyZiB2e2Nw==}
    dependencies:
      reusify: 1.0.4
    dev: true

  /figures/5.0.0:
    resolution: {integrity: sha512-ej8ksPF4x6e5wvK9yevct0UCXh8TTFlWGVLlgjZuoBH1HwjIfKE/IdL5mq89sFA7zELi1VhKpmtDnrs7zWyeyg==}
    engines: {node: '>=14'}
    dependencies:
      escape-string-regexp: 5.0.0
      is-unicode-supported: 1.2.0
    dev: true

  /fill-range/7.0.1:
    resolution: {integrity: sha512-qOo9F+dMUmC2Lcb4BbVvnKJxTPjCm+RRpe4gDuGrzkL7mEVl/djYSu2OdQ2Pa302N4oqkSg9ir6jaLWJ2USVpQ==}
    engines: {node: '>=8'}
    dependencies:
      to-regex-range: 5.0.1
    dev: true

  /fsevents/2.3.2:
    resolution: {integrity: sha512-xiqMQR4xAeHTuB9uWm+fFRcIOgKBMiOBP+eXiyT7jsgVCq1bkVygt00oASowB7EdtpOHaaPgKt812P9ab+DDKA==}
    engines: {node: ^8.16.0 || ^10.6.0 || >=11.0.0}
    os: [darwin]
    requiresBuild: true
    dev: true
    optional: true

  /gensync/1.0.0-beta.2:
    resolution: {integrity: sha512-3hN7NaskYvMDLQY55gnW3NQ+mesEAepTqlg+VEbj7zzqEMBVNhzcGYYeqFo/TlYz6eQiFcp1HcsCZO+nGgS8zg==}
    engines: {node: '>=6.9.0'}
    dev: true

  /glob-parent/5.1.2:
    resolution: {integrity: sha512-AOIgSQCepiJYwP3ARnGx+5VnTu2HBYdzbGP45eLw1vr3zB3vZLeyed1sC9hnbcOc9/SrMyM5RPQrkGz4aS9Zow==}
    engines: {node: '>= 6'}
    dependencies:
      is-glob: 4.0.3
    dev: true

  /graceful-fs/4.2.10:
    resolution: {integrity: sha512-9ByhssR2fPVsNZj478qUUbKfmL0+t5BDVyjShtyZZLiK7ZDAArFFfopyOTj0M05wE2tJPisA4iTnnXl2YoPvOA==}
    dev: true

  /is-binary-path/2.1.0:
    resolution: {integrity: sha512-ZMERYes6pDydyuGidse7OsHxtbI7WVeUEozgR/g7rd0xUimYNlvZRE/K2MgZTjWy725IfelLeVcEM97mmtRGXw==}
    engines: {node: '>=8'}
    dependencies:
      binary-extensions: 2.2.0
    dev: true

  /is-extglob/2.1.1:
    resolution: {integrity: sha512-SbKbANkN603Vi4jEZv49LeVJMn4yGwsbzZworEoyEiutsN3nJYdbO36zfhGJ6QEDpOZIFkDtnq5JRxmvl3jsoQ==}
    engines: {node: '>=0.10.0'}
    dev: true

  /is-glob/4.0.3:
    resolution: {integrity: sha512-xelSayHH36ZgE7ZWhli7pW34hNbNl8Ojv5KVmkJD4hBdD3th8Tfk9vYasLM+mXWOZhFkgZfxhLSnrwRr4elSSg==}
    engines: {node: '>=0.10.0'}
    dependencies:
      is-extglob: 2.1.1
    dev: true

  /is-number/7.0.0:
    resolution: {integrity: sha512-41Cifkg6e8TylSpdtTpeLVMqvSBEVzTttHvERD741+pnZ8ANv0004MRL43QKPDlK9cGvNp6NZWZUBlbGXYxxng==}
    engines: {node: '>=0.12.0'}
    dev: true

  /is-unicode-supported/1.2.0:
    resolution: {integrity: sha512-wH+U77omcRzevfIG8dDhTS0V9zZyweakfD01FULl97+0EHiJTTZtJqxPSkIIo/SDPv/i07k/C9jAPY+jwLLeUQ==}
    engines: {node: '>=12'}
    dev: true

  /jsonc-parser/3.2.0:
    resolution: {integrity: sha512-gfFQZrcTc8CnKXp6Y4/CBT3fTc0OVuDofpre4aEeEpSBPV5X5v4+Vmx+8snU7RLPrNHPKSgLxGo9YuQzz20o+w==}
    dev: true

  /lodash/4.17.21:
    resolution: {integrity: sha512-v2kDEe57lecTulaDIuNTPy3Ry4gLGJ6Z1O3vE1krgXZNrsQ+LFTGHVxVjcXPs17LhbZVGedAJv8XZ1tvj5FvSg==}
    dev: true

  /merge2/1.4.1:
    resolution: {integrity: sha512-8q7VEgMJW4J8tcfVPy8g09NcQwZdbwFEqhe/WZkoIzjn/3TGDwtOCYtXGxA3O8tPzpczCCDgv+P2P5y00ZJOOg==}
    engines: {node: '>= 8'}
    dev: true

  /micromatch/4.0.5:
    resolution: {integrity: sha512-DMy+ERcEW2q8Z2Po+WNXuw3c5YaUSFjAO5GsJqfEl7UjvtIuFKO6ZrKvcItdy98dwFI2N1tg3zNIdKaQT+aNdA==}
    engines: {node: '>=8.6'}
    dependencies:
      braces: 3.0.2
      picomatch: 2.3.1
    dev: true

  /mute-stream/0.0.8:
    resolution: {integrity: sha512-nnbWWOkoWyUsTjKrhgD0dcz22mdkSnpYqbEjIm2nhwhuxlSkpywJmBo8h0ZqJdkp73mb90SssHkN4rsRaBAfAA==}
    dev: true

  /normalize-path/3.0.0:
    resolution: {integrity: sha512-6eZs5Ls3WtCisHWp9S2GUy8dqkpGi4BVSz3GaqiE6ezub0512ESztXUwUB6C6IKbQkY2Pnb/mD4WYojCRwcwLA==}
    engines: {node: '>=0.10.0'}
    dev: true

  /picomatch/2.3.1:
    resolution: {integrity: sha512-JU3teHTNjmE2VCGFzuY8EXzCDVwEqB2a8fsIvwaStHhAWJEeVd1o1QD80CU6+ZdEXXSLbSsuLwJjkCBWqRQUVA==}
    engines: {node: '>=8.6'}
    dev: true

  /proper-lockfile/4.1.2:
    resolution: {integrity: sha512-TjNPblN4BwAWMXU8s9AEz4JmQxnD1NNL7bNOY/AKUzyamc379FWASUhc/K1pL2noVb+XmZKLL68cjzLsiOAMaA==}
    dependencies:
      graceful-fs: 4.2.10
      retry: 0.12.0
      signal-exit: 3.0.7
    dev: true

  /queue-microtask/1.2.3:
    resolution: {integrity: sha512-NuaNSa6flKT5JaSYQzJok04JzTL1CA6aGhv5rfLW3PgqA+M2ChpZQnAC8h8i4ZFkBS8X5RqkDBHA7r4hej3K9A==}
    dev: true

  /readdirp/3.6.0:
    resolution: {integrity: sha512-hOS089on8RduqdbhvQ5Z37A0ESjsqz6qnRcffsMU3495FuTdqSm+7bhJ29JvIOsBDEEnan5DPu9t3To9VRlMzA==}
    engines: {node: '>=8.10.0'}
    dependencies:
      picomatch: 2.3.1
    dev: true

  /retry/0.12.0:
    resolution: {integrity: sha512-9LkiTwjUh6rT555DtE9rTX+BKByPfrMzEAtnlEtdEwr3Nkffwiihqe2bWADg+OQRjt9gl6ICdmB/ZFDCGAtSow==}
    engines: {node: '>= 4'}
    dev: true

  /reusify/1.0.4:
    resolution: {integrity: sha512-U9nH88a3fc/ekCF1l0/UP1IosiuIjyTh7hBvXVMHYgVcfGvt897Xguj2UOLDeI5BG2m7/uwyaLVT6fbtCwTyzw==}
    engines: {iojs: '>=1.0.0', node: '>=0.10.0'}
    dev: true

  /run-async/2.4.1:
    resolution: {integrity: sha512-tvVnVv01b8c1RrA6Ep7JkStj85Guv/YrMcwqYQnwjsAS2cTmmPGBBjAjpCW7RrSodNSoE2/qg9O4bceNvUuDgQ==}
    engines: {node: '>=0.12.0'}
    dev: true

  /run-parallel/1.2.0:
    resolution: {integrity: sha512-5l4VyZR86LZ/lDxZTR6jqL8AFE2S0IFLMP26AbjsLVADxHdhB/c0GUsH+y39UfCi3dzz8OlQuPmnaJOMoDHQBA==}
    dependencies:
      queue-microtask: 1.2.3
    dev: true

  /signal-exit/3.0.7:
    resolution: {integrity: sha512-wnD2ZE+l+SPC/uoS0vXeE9L1+0wuaMqKlfz9AMUo38JsyLSBWSFcHR1Rri62LZc12vLr1gb3jl7iwQhgwpAbGQ==}
    dev: true

  /stable-hash/0.0.2:
    resolution: {integrity: sha512-tPwQ3c1rLIwbJpq59duoznegEbmgfV630C2n4R4G96LKBFljgK8j+O9AxjqB6cAzu4gE7s4pByrLWtZel8E+Mg==}
    dev: true

  /string-width/5.1.2:
    resolution: {integrity: sha512-HnLOCR3vjcY8beoNLtcjZ5/nxn2afmME6lhrDrebokqMap+XbeW8n9TXpPDOqdGK5qcI3oT0GKTW6wC7EMiVqA==}
    engines: {node: '>=12'}
    dependencies:
      eastasianwidth: 0.2.0
      emoji-regex: 9.2.2
      strip-ansi: 7.0.1
    dev: true

  /strip-ansi/7.0.1:
    resolution: {integrity: sha512-cXNxvT8dFNRVfhVME3JAe98mkXDYN2O1l7jmcwMnOslDeESg1rF/OZMtK0nRAhiari1unG5cD4jG3rapUAkLbw==}
    engines: {node: '>=12'}
    dependencies:
      ansi-regex: 6.0.1
    dev: true

  /to-regex-range/5.0.1:
    resolution: {integrity: sha512-65P7iz6X5yEr1cwcgvQxbbIw7Uk3gOy5dIdtZ4rDveLqhrdJP+Li/Hx6tyK0NEb+2GCyneCMJiGqrADCSNk8sQ==}
    engines: {node: '>=8.0'}
    dependencies:
      is-number: 7.0.0
    dev: true

  /typanion/3.9.0:
    resolution: {integrity: sha512-7yPk67IIquhKQcUXOBM27vDuGmZf6oJbEmzgVfDniHCkT6+z4JnKY85nKqbstoec8Kp7hD06TP3Kc98ij43PIg==}
    dev: true

  /type-fest/1.4.0:
    resolution: {integrity: sha512-yGSza74xk0UG8k+pLh5oeoYirvIiWo5t0/o3zHHAO2tRDiZcxWP7fywNlXhqb6/r6sWvwi+RsyQMWhVLe4BVuA==}
    engines: {node: '>=10'}
    dev: true

  /wireit/0.7.1:
    resolution: {integrity: sha512-TwuKae0aHk06DZ2omLW6YF4Y74YxCyuRCcsjZMm+cUPRXhvxAU2JhYyuCvD9wIALWK+cQUpB9GjeRFPRAbKsdw==}
    engines: {node: '>=14.14.0'}
    hasBin: true
    dependencies:
      braces: 3.0.2
      chokidar: 3.5.3
      fast-glob: 3.2.11
      jsonc-parser: 3.2.0
      proper-lockfile: 4.1.2
    dev: true

  /wrap-ansi/8.0.1:
    resolution: {integrity: sha512-QFF+ufAqhoYHvoHdajT/Po7KoXVBPXS2bgjIam5isfWJPfIOnQZ50JtUiVvCv/sjgacf3yRrt2ZKUZ/V4itN4g==}
    engines: {node: '>=12'}
    dependencies:
      ansi-styles: 6.1.0
      string-width: 5.1.2
      strip-ansi: 7.0.1
    dev: true
